PODS:
  - Nimble (3.0.0)
  - Quick (0.8.0)
  - Regex (0.2.1)

DEPENDENCIES:
  - Nimble (from `https://github.com/Quick/Nimble.git`, branch `master`)
  - Quick (from `https://github.com/Quick/Quick.git`, branch `master`)
  - Regex (from `~/projects/_swift/Regex`)

EXTERNAL SOURCES:
  Nimble:
    :branch: master
    :git: https://github.com/Quick/Nimble.git
  Quick:
    :branch: master
    :git: https://github.com/Quick/Quick.git
  Regex:
    :path: "~/projects/_swift/Regex"

CHECKOUT OPTIONS:
  Nimble:
    :commit: 13d4a2bca41d41e53b1c9681bc2039e5f5bca5fe
    :git: https://github.com/Quick/Nimble.git
  Quick:
    :commit: a98f8e37867462c8f00fea1a7b255d12f5a4b611
    :git: https://github.com/Quick/Quick.git

SPEC CHECKSUMS:
  Nimble: 4c353d43735b38b545cbb4cb91504588eb5de926
  Quick: 563d0f6ec5f72e394645adb377708639b7dd38ab
  Regex: 14d9745c19442ccdf920234e50d463ba659f58c4

COCOAPODS: 0.39.0
