// !$*UTF8*$!
{
	archiveVersion = 1;
	classes = {
	};
	objectVersion = 46;
	objects = {

/* Begin PBXBuildFile section */
		88C863600A30A25ABE7E0ED5 /* Pods.framework in Frameworks */ = {isa = PBXBuildFile; fileRef = 921C8FDFB6B3D0A9466BE79F /* Pods.framework */; settings = {ATTRIBUTES = (Weak, ); }; };
		C5062DB51A68C2F200F65B86 /* Funky.h in Headers */ = {isa = PBXBuildFile; fileRef = C5062DB41A68C2F200F65B86 /* Funky.h */; settings = {ATTRIBUTES = (Public, ); }; };
		C5062DBB1A68C2F200F65B86 /* Funky.framework in Frameworks */ = {isa = PBXBuildFile; fileRef = C5062DAF1A68C2F200F65B86 /* Funky.framework */; };
		C5062DC21A68C2F200F65B86 /* FunkyTests.swift in Sources */ = {isa = PBXBuildFile; fileRef = C5062DC11A68C2F200F65B86 /* FunkyTests.swift */; };
		C5062DDB1A68C3B600F65B86 /* ErrorIO.swift in Sources */ = {isa = PBXBuildFile; fileRef = C5062DCC1A68C3B600F65B86 /* ErrorIO.swift */; };
		C5062DDC1A68C3B600F65B86 /* Functions.ErrorIO.swift in Sources */ = {isa = PBXBuildFile; fileRef = C5062DCD1A68C3B600F65B86 /* Functions.ErrorIO.swift */; };
		C5062DDD1A68C3B600F65B86 /* Functions.Functional.swift in Sources */ = {isa = PBXBuildFile; fileRef = C5062DCE1A68C3B600F65B86 /* Functions.Functional.swift */; };
		C5062DDE1A68C3B600F65B86 /* Functions.Math.swift in Sources */ = {isa = PBXBuildFile; fileRef = C5062DCF1A68C3B600F65B86 /* Functions.Math.swift */; };
		C5062DDF1A68C3B600F65B86 /* Functions.Strings.swift in Sources */ = {isa = PBXBuildFile; fileRef = C5062DD01A68C3B600F65B86 /* Functions.Strings.swift */; };
		C5062DE01A68C3B600F65B86 /* NSError+Coalescing.swift in Sources */ = {isa = PBXBuildFile; fileRef = C5062DD11A68C3B600F65B86 /* NSError+Coalescing.swift */; };
		C5062DE11A68C3B600F65B86 /* Operators.apply.swift in Sources */ = {isa = PBXBuildFile; fileRef = C5062DD21A68C3B600F65B86 /* Operators.apply.swift */; };
		C5062DE21A68C3B600F65B86 /* Operators.bind.swift in Sources */ = {isa = PBXBuildFile; fileRef = C5062DD31A68C3B600F65B86 /* Operators.bind.swift */; };
		C5062DE31A68C3B600F65B86 /* Operators.compose.swift in Sources */ = {isa = PBXBuildFile; fileRef = C5062DD41A68C3B600F65B86 /* Operators.compose.swift */; };
		C5062DE41A68C3B600F65B86 /* Operators.ErrorIO.swift in Sources */ = {isa = PBXBuildFile; fileRef = C5062DD51A68C3B600F65B86 /* Operators.ErrorIO.swift */; };
		C5062DE51A68C3B600F65B86 /* Operators.fmap.swift in Sources */ = {isa = PBXBuildFile; fileRef = C5062DD61A68C3B600F65B86 /* Operators.fmap.swift */; };
		C5062DE61A68C3B600F65B86 /* Operators.Misc.swift in Sources */ = {isa = PBXBuildFile; fileRef = C5062DD71A68C3B600F65B86 /* Operators.Misc.swift */; };
		C5062DE71A68C3B600F65B86 /* Operators.pipe.swift in Sources */ = {isa = PBXBuildFile; fileRef = C5062DD81A68C3B600F65B86 /* Operators.pipe.swift */; };
		C5062DE81A68C3B600F65B86 /* Regex.swift in Sources */ = {isa = PBXBuildFile; fileRef = C5062DDA1A68C3B600F65B86 /* Regex.swift */; };
		C5062DEC1A68C3CA00F65B86 /* ErrorIOTests.swift in Sources */ = {isa = PBXBuildFile; fileRef = C5062DE91A68C3CA00F65B86 /* ErrorIOTests.swift */; };
		C5062DED1A68C3CA00F65B86 /* Functions.FunctionalTests.swift in Sources */ = {isa = PBXBuildFile; fileRef = C5062DEA1A68C3CA00F65B86 /* Functions.FunctionalTests.swift */; };
		C5062DEE1A68C3CA00F65B86 /* RegexTests.swift in Sources */ = {isa = PBXBuildFile; fileRef = C5062DEB1A68C3CA00F65B86 /* RegexTests.swift */; };
		FCA93F6DD552D24F3FFC8CA3 /* Pods_FunkyTests.framework in Frameworks */ = {isa = PBXBuildFile; fileRef = BE724FE2100A75807057C847 /* Pods_FunkyTests.framework */; settings = {ATTRIBUTES = (Weak, ); }; };
/* End PBXBuildFile section */

/* Begin PBXContainerItemProxy section */
		C5062DBC1A68C2F200F65B86 /* PBXContainerItemProxy */ = {
			isa = PBXContainerItemProxy;
			containerPortal = C5062DA61A68C2F200F65B86 /* Project object */;
			proxyType = 1;
			remoteGlobalIDString = C5062DAE1A68C2F200F65B86;
			remoteInfo = Funky;
		};
/* End PBXContainerItemProxy section */

/* Begin PBXFileReference section */
		070C60D7D27C7A17D6F405EE /* Pods.release.xcconfig */ = {isa = PBXFileReference; includeInIndex = 1; lastKnownFileType = text.xcconfig; name = Pods.release.xcconfig; path = "Pods/Target Support Files/Pods/Pods.release.xcconfig"; sourceTree = "<group>"; };
		5E11F13B871552B93CBAE628 /* Pods-FunkyTests.debug.xcconfig */ = {isa = PBXFileReference; includeInIndex = 1; lastKnownFileType = text.xcconfig; name = "Pods-FunkyTests.debug.xcconfig"; path = "Pods/Target Support Files/Pods-FunkyTests/Pods-FunkyTests.debug.xcconfig"; sourceTree = "<group>"; };
		64191CB9CC86244AE99ACA0B /* Pods.debug.xcconfig */ = {isa = PBXFileReference; includeInIndex = 1; lastKnownFileType = text.xcconfig; name = Pods.debug.xcconfig; path = "Pods/Target Support Files/Pods/Pods.debug.xcconfig"; sourceTree = "<group>"; };
		921C8FDFB6B3D0A9466BE79F /* Pods.framework */ = {isa = PBXFileReference; explicitFileType = wrapper.framework; includeInIndex = 0; path = Pods.framework; sourceTree = BUILT_PRODUCTS_DIR; };
		BE724FE2100A75807057C847 /* Pods_FunkyTests.framework */ = {isa = PBXFileReference; explicitFileType = wrapper.framework; includeInIndex = 0; path = Pods_FunkyTests.framework; sourceTree = BUILT_PRODUCTS_DIR; };
		C5062DAF1A68C2F200F65B86 /* Funky.framework */ = {isa = PBXFileReference; explicitFileType = wrapper.framework; includeInIndex = 0; path = Funky.framework; sourceTree = BUILT_PRODUCTS_DIR; };
		C5062DB31A68C2F200F65B86 /* Info.plist */ = {isa = PBXFileReference; lastKnownFileType = text.plist.xml; path = Info.plist; sourceTree = "<group>"; };
		C5062DB41A68C2F200F65B86 /* Funky.h */ = {isa = PBXFileReference; lastKnownFileType = sourcecode.c.h; path = Funky.h; sourceTree = "<group>"; };
		C5062DBA1A68C2F200F65B86 /* FunkyTests.xctest */ = {isa = PBXFileReference; explicitFileType = wrapper.cfbundle; includeInIndex = 0; path = FunkyTests.xctest; sourceTree = BUILT_PRODUCTS_DIR; };
		C5062DC01A68C2F200F65B86 /* Info.plist */ = {isa = PBXFileReference; lastKnownFileType = text.plist.xml; path = Info.plist; sourceTree = "<group>"; };
		C5062DC11A68C2F200F65B86 /* FunkyTests.swift */ = {isa = PBXFileReference; lastKnownFileType = sourcecode.swift; path = FunkyTests.swift; sourceTree = "<group>"; };
		C5062DCC1A68C3B600F65B86 /* ErrorIO.swift */ = {isa = PBXFileReference; fileEncoding = 4; lastKnownFileType = sourcecode.swift; path = ErrorIO.swift; sourceTree = "<group>"; };
		C5062DCD1A68C3B600F65B86 /* Functions.ErrorIO.swift */ = {isa = PBXFileReference; fileEncoding = 4; lastKnownFileType = sourcecode.swift; path = Functions.ErrorIO.swift; sourceTree = "<group>"; };
		C5062DCE1A68C3B600F65B86 /* Functions.Functional.swift */ = {isa = PBXFileReference; fileEncoding = 4; lastKnownFileType = sourcecode.swift; path = Functions.Functional.swift; sourceTree = "<group>"; };
		C5062DCF1A68C3B600F65B86 /* Functions.Math.swift */ = {isa = PBXFileReference; fileEncoding = 4; lastKnownFileType = sourcecode.swift; path = Functions.Math.swift; sourceTree = "<group>"; };
		C5062DD01A68C3B600F65B86 /* Functions.Strings.swift */ = {isa = PBXFileReference; fileEncoding = 4; lastKnownFileType = sourcecode.swift; path = Functions.Strings.swift; sourceTree = "<group>"; };
		C5062DD11A68C3B600F65B86 /* NSError+Coalescing.swift */ = {isa = PBXFileReference; fileEncoding = 4; lastKnownFileType = sourcecode.swift; path = "NSError+Coalescing.swift"; sourceTree = "<group>"; };
		C5062DD21A68C3B600F65B86 /* Operators.apply.swift */ = {isa = PBXFileReference; fileEncoding = 4; lastKnownFileType = sourcecode.swift; path = Operators.apply.swift; sourceTree = "<group>"; };
		C5062DD31A68C3B600F65B86 /* Operators.bind.swift */ = {isa = PBXFileReference; fileEncoding = 4; lastKnownFileType = sourcecode.swift; path = Operators.bind.swift; sourceTree = "<group>"; };
		C5062DD41A68C3B600F65B86 /* Operators.compose.swift */ = {isa = PBXFileReference; fileEncoding = 4; lastKnownFileType = sourcecode.swift; path = Operators.compose.swift; sourceTree = "<group>"; };
		C5062DD51A68C3B600F65B86 /* Operators.ErrorIO.swift */ = {isa = PBXFileReference; fileEncoding = 4; lastKnownFileType = sourcecode.swift; path = Operators.ErrorIO.swift; sourceTree = "<group>"; };
		C5062DD61A68C3B600F65B86 /* Operators.fmap.swift */ = {isa = PBXFileReference; fileEncoding = 4; lastKnownFileType = sourcecode.swift; path = Operators.fmap.swift; sourceTree = "<group>"; };
		C5062DD71A68C3B600F65B86 /* Operators.Misc.swift */ = {isa = PBXFileReference; fileEncoding = 4; lastKnownFileType = sourcecode.swift; path = Operators.Misc.swift; sourceTree = "<group>"; };
		C5062DD81A68C3B600F65B86 /* Operators.pipe.swift */ = {isa = PBXFileReference; fileEncoding = 4; lastKnownFileType = sourcecode.swift; path = Operators.pipe.swift; sourceTree = "<group>"; };
		C5062DDA1A68C3B600F65B86 /* Regex.swift */ = {isa = PBXFileReference; fileEncoding = 4; lastKnownFileType = sourcecode.swift; path = Regex.swift; sourceTree = "<group>"; };
		C5062DE91A68C3CA00F65B86 /* ErrorIOTests.swift */ = {isa = PBXFileReference; fileEncoding = 4; lastKnownFileType = sourcecode.swift; path = ErrorIOTests.swift; sourceTree = "<group>"; };
		C5062DEA1A68C3CA00F65B86 /* Functions.FunctionalTests.swift */ = {isa = PBXFileReference; fileEncoding = 4; lastKnownFileType = sourcecode.swift; path = Functions.FunctionalTests.swift; sourceTree = "<group>"; };
		C5062DEB1A68C3CA00F65B86 /* RegexTests.swift */ = {isa = PBXFileReference; fileEncoding = 4; lastKnownFileType = sourcecode.swift; path = RegexTests.swift; sourceTree = "<group>"; };
		FFA347E7F7BE595D46D0FDF1 /* Pods-FunkyTests.release.xcconfig */ = {isa = PBXFileReference; includeInIndex = 1; lastKnownFileType = text.xcconfig; name = "Pods-FunkyTests.release.xcconfig"; path = "Pods/Target Support Files/Pods-FunkyTests/Pods-FunkyTests.release.xcconfig"; sourceTree = "<group>"; };
/* End PBXFileReference section */

/* Begin PBXFrameworksBuildPhase section */
		C5062DAB1A68C2F200F65B86 /* Frameworks */ = {
			isa = PBXFrameworksBuildPhase;
			buildActionMask = 2147483647;
			files = (
				88C863600A30A25ABE7E0ED5 /* Pods.framework in Frameworks */,
			);
			runOnlyForDeploymentPostprocessing = 0;
		};
		C5062DB71A68C2F200F65B86 /* Frameworks */ = {
			isa = PBXFrameworksBuildPhase;
			buildActionMask = 2147483647;
			files = (
				C5062DBB1A68C2F200F65B86 /* Funky.framework in Frameworks */,
				FCA93F6DD552D24F3FFC8CA3 /* Pods_FunkyTests.framework in Frameworks */,
			);
			runOnlyForDeploymentPostprocessing = 0;
		};
/* End PBXFrameworksBuildPhase section */

/* Begin PBXGroup section */
		738E4FB3CAD2D55D51967BB6 /* Pods */ = {
			isa = PBXGroup;
			children = (
				64191CB9CC86244AE99ACA0B /* Pods.debug.xcconfig */,
				070C60D7D27C7A17D6F405EE /* Pods.release.xcconfig */,
				5E11F13B871552B93CBAE628 /* Pods-FunkyTests.debug.xcconfig */,
				FFA347E7F7BE595D46D0FDF1 /* Pods-FunkyTests.release.xcconfig */,
			);
			name = Pods;
			sourceTree = "<group>";
		};
		C5062DA51A68C2F200F65B86 = {
			isa = PBXGroup;
			children = (
				C5062DCB1A68C3B600F65B86 /* src */,
				C5062DB11A68C2F200F65B86 /* Funky */,
				C5062DBE1A68C2F200F65B86 /* FunkyTests */,
				C5062DB01A68C2F200F65B86 /* Products */,
				738E4FB3CAD2D55D51967BB6 /* Pods */,
				E7688BC5929B83EDF077F36E /* Frameworks */,
			);
			sourceTree = "<group>";
		};
		C5062DB01A68C2F200F65B86 /* Products */ = {
			isa = PBXGroup;
			children = (
				C5062DAF1A68C2F200F65B86 /* Funky.framework */,
				C5062DBA1A68C2F200F65B86 /* FunkyTests.xctest */,
			);
			name = Products;
			sourceTree = "<group>";
		};
		C5062DB11A68C2F200F65B86 /* Funky */ = {
			isa = PBXGroup;
			children = (
				C5062DB41A68C2F200F65B86 /* Funky.h */,
				C5062DB21A68C2F200F65B86 /* Supporting Files */,
			);
			path = Funky;
			sourceTree = "<group>";
		};
		C5062DB21A68C2F200F65B86 /* Supporting Files */ = {
			isa = PBXGroup;
			children = (
				C5062DB31A68C2F200F65B86 /* Info.plist */,
			);
			name = "Supporting Files";
			sourceTree = "<group>";
		};
		C5062DBE1A68C2F200F65B86 /* FunkyTests */ = {
			isa = PBXGroup;
			children = (
				C5062DE91A68C3CA00F65B86 /* ErrorIOTests.swift */,
				C5062DEA1A68C3CA00F65B86 /* Functions.FunctionalTests.swift */,
				C5062DEB1A68C3CA00F65B86 /* RegexTests.swift */,
				C5062DC11A68C2F200F65B86 /* FunkyTests.swift */,
				C5062DBF1A68C2F200F65B86 /* Supporting Files */,
			);
			path = FunkyTests;
			sourceTree = "<group>";
		};
		C5062DBF1A68C2F200F65B86 /* Supporting Files */ = {
			isa = PBXGroup;
			children = (
				C5062DC01A68C2F200F65B86 /* Info.plist */,
			);
			name = "Supporting Files";
			sourceTree = "<group>";
		};
		C5062DCB1A68C3B600F65B86 /* src */ = {
			isa = PBXGroup;
			children = (
				C5062DCC1A68C3B600F65B86 /* ErrorIO.swift */,
				C5062DCD1A68C3B600F65B86 /* Functions.ErrorIO.swift */,
				C5062DCE1A68C3B600F65B86 /* Functions.Functional.swift */,
				C5062DCF1A68C3B600F65B86 /* Functions.Math.swift */,
				C5062DD01A68C3B600F65B86 /* Functions.Strings.swift */,
				C5062DD11A68C3B600F65B86 /* NSError+Coalescing.swift */,
				C5062DD21A68C3B600F65B86 /* Operators.apply.swift */,
				C5062DD31A68C3B600F65B86 /* Operators.bind.swift */,
				C5062DD41A68C3B600F65B86 /* Operators.compose.swift */,
				C5062DD51A68C3B600F65B86 /* Operators.ErrorIO.swift */,
				C5062DD61A68C3B600F65B86 /* Operators.fmap.swift */,
				C5062DD71A68C3B600F65B86 /* Operators.Misc.swift */,
				C5062DD81A68C3B600F65B86 /* Operators.pipe.swift */,
				C5062DD91A68C3B600F65B86 /* vendor */,
			);
			path = src;
			sourceTree = SOURCE_ROOT;
		};
		C5062DD91A68C3B600F65B86 /* vendor */ = {
			isa = PBXGroup;
			children = (
				C5062DDA1A68C3B600F65B86 /* Regex.swift */,
			);
			path = vendor;
			sourceTree = "<group>";
		};
		E7688BC5929B83EDF077F36E /* Frameworks */ = {
			isa = PBXGroup;
			children = (
				921C8FDFB6B3D0A9466BE79F /* Pods.framework */,
				BE724FE2100A75807057C847 /* Pods_FunkyTests.framework */,
			);
			name = Frameworks;
			sourceTree = "<group>";
		};
/* End PBXGroup section */

/* Begin PBXHeadersBuildPhase section */
		C5062DAC1A68C2F200F65B86 /* Headers */ = {
			isa = PBXHeadersBuildPhase;
			buildActionMask = 2147483647;
			files = (
				C5062DB51A68C2F200F65B86 /* Funky.h in Headers */,
			);
			runOnlyForDeploymentPostprocessing = 0;
		};
/* End PBXHeadersBuildPhase section */

/* Begin PBXNativeTarget section */
		C5062DAE1A68C2F200F65B86 /* Funky */ = {
			isa = PBXNativeTarget;
			buildConfigurationList = C5062DC51A68C2F200F65B86 /* Build configuration list for PBXNativeTarget "Funky" */;
			buildPhases = (
				DBE8926B67958EAA51D32809 /* Check Pods Manifest.lock */,
				C5062DAA1A68C2F200F65B86 /* Sources */,
				C5062DAB1A68C2F200F65B86 /* Frameworks */,
				C5062DAC1A68C2F200F65B86 /* Headers */,
				C5062DAD1A68C2F200F65B86 /* Resources */,
				5CADA9BAF4E2E63F5D0116D3 /* Embed Pods Frameworks */,
				2238E63B5B9628A22C79BB2D /* Copy Pods Resources */,
			);
			buildRules = (
			);
			dependencies = (
			);
			name = Funky;
			productName = Funky;
			productReference = C5062DAF1A68C2F200F65B86 /* Funky.framework */;
			productType = "com.apple.product-type.framework";
		};
		C5062DB91A68C2F200F65B86 /* FunkyTests */ = {
			isa = PBXNativeTarget;
			buildConfigurationList = C5062DC81A68C2F200F65B86 /* Build configuration list for PBXNativeTarget "FunkyTests" */;
			buildPhases = (
				900D8B1937FFF5496B3202F0 /* Check Pods Manifest.lock */,
				C5062DB61A68C2F200F65B86 /* Sources */,
				C5062DB71A68C2F200F65B86 /* Frameworks */,
				C5062DB81A68C2F200F65B86 /* Resources */,
				A057AD1774C2F3AAF4B64C30 /* Embed Pods Frameworks */,
				F42AEFE1EC7249727EA2D520 /* Copy Pods Resources */,
			);
			buildRules = (
			);
			dependencies = (
				C5062DBD1A68C2F200F65B86 /* PBXTargetDependency */,
			);
			name = FunkyTests;
			productName = FunkyTests;
			productReference = C5062DBA1A68C2F200F65B86 /* FunkyTests.xctest */;
			productType = "com.apple.product-type.bundle.unit-test";
		};
/* End PBXNativeTarget section */

/* Begin PBXProject section */
		C5062DA61A68C2F200F65B86 /* Project object */ = {
			isa = PBXProject;
			attributes = {
				LastUpgradeCheck = 0620;
				ORGANIZATIONNAME = "bryn austin bellomy";
				TargetAttributes = {
					C5062DAE1A68C2F200F65B86 = {
						CreatedOnToolsVersion = 6.2;
					};
					C5062DB91A68C2F200F65B86 = {
						CreatedOnToolsVersion = 6.2;
					};
				};
			};
			buildConfigurationList = C5062DA91A68C2F200F65B86 /* Build configuration list for PBXProject "Funky" */;
			compatibilityVersion = "Xcode 3.2";
			developmentRegion = English;
			hasScannedForEncodings = 0;
			knownRegions = (
				en,
			);
			mainGroup = C5062DA51A68C2F200F65B86;
			productRefGroup = C5062DB01A68C2F200F65B86 /* Products */;
			projectDirPath = "";
			projectRoot = "";
			targets = (
				C5062DAE1A68C2F200F65B86 /* Funky */,
				C5062DB91A68C2F200F65B86 /* FunkyTests */,
			);
		};
/* End PBXProject section */

/* Begin PBXResourcesBuildPhase section */
		C5062DAD1A68C2F200F65B86 /* Resources */ = {
			isa = PBXResourcesBuildPhase;
			buildActionMask = 2147483647;
			files = (
			);
			runOnlyForDeploymentPostprocessing = 0;
		};
		C5062DB81A68C2F200F65B86 /* Resources */ = {
			isa = PBXResourcesBuildPhase;
			buildActionMask = 2147483647;
			files = (
			);
			runOnlyForDeploymentPostprocessing = 0;
		};
/* End PBXResourcesBuildPhase section */

/* Begin PBXShellScriptBuildPhase section */
		2238E63B5B9628A22C79BB2D /* Copy Pods Resources */ = {
			isa = PBXShellScriptBuildPhase;
			buildActionMask = 2147483647;
			files = (
			);
			inputPaths = (
			);
			name = "Copy Pods Resources";
			outputPaths = (
			);
			runOnlyForDeploymentPostprocessing = 0;
			shellPath = /bin/sh;
			shellScript = "\"${SRCROOT}/Pods/Target Support Files/Pods/Pods-resources.sh\"\n";
			showEnvVarsInLog = 0;
		};
		5CADA9BAF4E2E63F5D0116D3 /* Embed Pods Frameworks */ = {
			isa = PBXShellScriptBuildPhase;
			buildActionMask = 2147483647;
			files = (
			);
			inputPaths = (
			);
			name = "Embed Pods Frameworks";
			outputPaths = (
			);
			runOnlyForDeploymentPostprocessing = 0;
			shellPath = /bin/sh;
			shellScript = "\"${SRCROOT}/Pods/Target Support Files/Pods/Pods-frameworks.sh\"\n";
			showEnvVarsInLog = 0;
		};
		900D8B1937FFF5496B3202F0 /* Check Pods Manifest.lock */ = {
			isa = PBXShellScriptBuildPhase;
			buildActionMask = 2147483647;
			files = (
			);
			inputPaths = (
			);
			name = "Check Pods Manifest.lock";
			outputPaths = (
			);
			runOnlyForDeploymentPostprocessing = 0;
			shellPath = /bin/sh;
			shellScript = "diff \"${PODS_ROOT}/../Podfile.lock\" \"${PODS_ROOT}/Manifest.lock\" > /dev/null\nif [[ $? != 0 ]] ; then\n    cat << EOM\nerror: The sandbox is not in sync with the Podfile.lock. Run 'pod install' or update your CocoaPods installation.\nEOM\n    exit 1\nfi\n";
			showEnvVarsInLog = 0;
		};
		A057AD1774C2F3AAF4B64C30 /* Embed Pods Frameworks */ = {
			isa = PBXShellScriptBuildPhase;
			buildActionMask = 2147483647;
			files = (
			);
			inputPaths = (
			);
			name = "Embed Pods Frameworks";
			outputPaths = (
			);
			runOnlyForDeploymentPostprocessing = 0;
			shellPath = /bin/sh;
			shellScript = "\"${SRCROOT}/Pods/Target Support Files/Pods-FunkyTests/Pods-FunkyTests-frameworks.sh\"\n";
			showEnvVarsInLog = 0;
		};
		DBE8926B67958EAA51D32809 /* Check Pods Manifest.lock */ = {
			isa = PBXShellScriptBuildPhase;
			buildActionMask = 2147483647;
			files = (
			);
			inputPaths = (
			);
			name = "Check Pods Manifest.lock";
			outputPaths = (
			);
			runOnlyForDeploymentPostprocessing = 0;
			shellPath = /bin/sh;
			shellScript = "diff \"${PODS_ROOT}/../Podfile.lock\" \"${PODS_ROOT}/Manifest.lock\" > /dev/null\nif [[ $? != 0 ]] ; then\n    cat << EOM\nerror: The sandbox is not in sync with the Podfile.lock. Run 'pod install' or update your CocoaPods installation.\nEOM\n    exit 1\nfi\n";
			showEnvVarsInLog = 0;
		};
		F42AEFE1EC7249727EA2D520 /* Copy Pods Resources */ = {
			isa = PBXShellScriptBuildPhase;
			buildActionMask = 2147483647;
			files = (
			);
			inputPaths = (
			);
			name = "Copy Pods Resources";
			outputPaths = (
			);
			runOnlyForDeploymentPostprocessing = 0;
			shellPath = /bin/sh;
			shellScript = "\"${SRCROOT}/Pods/Target Support Files/Pods-FunkyTests/Pods-FunkyTests-resources.sh\"\n";
			showEnvVarsInLog = 0;
		};
/* End PBXShellScriptBuildPhase section */

/* Begin PBXSourcesBuildPhase section */
		C5062DAA1A68C2F200F65B86 /* Sources */ = {
			isa = PBXSourcesBuildPhase;
			buildActionMask = 2147483647;
			files = (
				C5062DE51A68C3B600F65B86 /* Operators.fmap.swift in Sources */,
				C5062DDE1A68C3B600F65B86 /* Functions.Math.swift in Sources */,
				C5062DE21A68C3B600F65B86 /* Operators.bind.swift in Sources */,
				C5062DE81A68C3B600F65B86 /* Regex.swift in Sources */,
				C5062DE11A68C3B600F65B86 /* Operators.apply.swift in Sources */,
				C5062DE61A68C3B600F65B86 /* Operators.Misc.swift in Sources */,
				C5062DE41A68C3B600F65B86 /* Operators.ErrorIO.swift in Sources */,
				C5062DE71A68C3B600F65B86 /* Operators.pipe.swift in Sources */,
				C5062DE01A68C3B600F65B86 /* NSError+Coalescing.swift in Sources */,
				C5062DDB1A68C3B600F65B86 /* ErrorIO.swift in Sources */,
				C5062DDC1A68C3B600F65B86 /* Functions.ErrorIO.swift in Sources */,
				C5062DDD1A68C3B600F65B86 /* Functions.Functional.swift in Sources */,
				C5062DE31A68C3B600F65B86 /* Operators.compose.swift in Sources */,
				C5062DDF1A68C3B600F65B86 /* Functions.Strings.swift in Sources */,
			);
			runOnlyForDeploymentPostprocessing = 0;
		};
		C5062DB61A68C2F200F65B86 /* Sources */ = {
			isa = PBXSourcesBuildPhase;
			buildActionMask = 2147483647;
			files = (
				C5062DEC1A68C3CA00F65B86 /* ErrorIOTests.swift in Sources */,
				C5062DEE1A68C3CA00F65B86 /* RegexTests.swift in Sources */,
				C5062DED1A68C3CA00F65B86 /* Functions.FunctionalTests.swift in Sources */,
				C5062DC21A68C2F200F65B86 /* FunkyTests.swift in Sources */,
			);
			runOnlyForDeploymentPostprocessing = 0;
		};
/* End PBXSourcesBuildPhase section */

/* Begin PBXTargetDependency section */
		C5062DBD1A68C2F200F65B86 /* PBXTargetDependency */ = {
			isa = PBXTargetDependency;
			target = C5062DAE1A68C2F200F65B86 /* Funky */;
			targetProxy = C5062DBC1A68C2F200F65B86 /* PBXContainerItemProxy */;
		};
/* End PBXTargetDependency section */

/* Begin XCBuildConfiguration section */
		C5062DC31A68C2F200F65B86 /* Debug */ = {
			isa = XCBuildConfiguration;
			buildSettings = {
				ALWAYS_SEARCH_USER_PATHS = NO;
				CLANG_CXX_LANGUAGE_STANDARD = "gnu++0x";
				CLANG_CXX_LIBRARY = "libc++";
				CLANG_ENABLE_MODULES = YES;
				CLANG_ENABLE_OBJC_ARC = YES;
				CLANG_WARN_BOOL_CONVERSION = YES;
				CLANG_WARN_CONSTANT_CONVERSION = YES;
				CLANG_WARN_DIRECT_OBJC_ISA_USAGE = YES_ERROR;
				CLANG_WARN_EMPTY_BODY = YES;
				CLANG_WARN_ENUM_CONVERSION = YES;
				CLANG_WARN_INT_CONVERSION = YES;
				CLANG_WARN_OBJC_ROOT_CLASS = YES_ERROR;
				CLANG_WARN_UNREACHABLE_CODE = YES;
				CLANG_WARN__DUPLICATE_METHOD_MATCH = YES;
				COPY_PHASE_STRIP = NO;
				CURRENT_PROJECT_VERSION = 1;
				ENABLE_STRICT_OBJC_MSGSEND = YES;
				GCC_C_LANGUAGE_STANDARD = gnu99;
				GCC_DYNAMIC_NO_PIC = NO;
				GCC_OPTIMIZATION_LEVEL = 0;
				GCC_PREPROCESSOR_DEFINITIONS = (
					"DEBUG=1",
					"$(inherited)",
				);
				GCC_SYMBOLS_PRIVATE_EXTERN = NO;
				GCC_WARN_64_TO_32_BIT_CONVERSION = YES;
				GCC_WARN_ABOUT_RETURN_TYPE = YES_ERROR;
				GCC_WARN_UNDECLARED_SELECTOR = YES;
				GCC_WARN_UNINITIALIZED_AUTOS = YES_AGGRESSIVE;
				GCC_WARN_UNUSED_FUNCTION = YES;
				GCC_WARN_UNUSED_VARIABLE = YES;
				MACOSX_DEPLOYMENT_TARGET = 10.10;
				MTL_ENABLE_DEBUG_INFO = YES;
				ONLY_ACTIVE_ARCH = YES;
				SDKROOT = macosx;
				SWIFT_OPTIMIZATION_LEVEL = "-Onone";
				VERSIONING_SYSTEM = "apple-generic";
				VERSION_INFO_PREFIX = "";
			};
			name = Debug;
		};
		C5062DC41A68C2F200F65B86 /* Release */ = {
			isa = XCBuildConfiguration;
			buildSettings = {
				ALWAYS_SEARCH_USER_PATHS = NO;
				CLANG_CXX_LANGUAGE_STANDARD = "gnu++0x";
				CLANG_CXX_LIBRARY = "libc++";
				CLANG_ENABLE_MODULES = YES;
				CLANG_ENABLE_OBJC_ARC = YES;
				CLANG_WARN_BOOL_CONVERSION = YES;
				CLANG_WARN_CONSTANT_CONVERSION = YES;
				CLANG_WARN_DIRECT_OBJC_ISA_USAGE = YES_ERROR;
				CLANG_WARN_EMPTY_BODY = YES;
				CLANG_WARN_ENUM_CONVERSION = YES;
				CLANG_WARN_INT_CONVERSION = YES;
				CLANG_WARN_OBJC_ROOT_CLASS = YES_ERROR;
				CLANG_WARN_UNREACHABLE_CODE = YES;
				CLANG_WARN__DUPLICATE_METHOD_MATCH = YES;
				COPY_PHASE_STRIP = NO;
				CURRENT_PROJECT_VERSION = 1;
				DEBUG_INFORMATION_FORMAT = "dwarf-with-dsym";
				ENABLE_NS_ASSERTIONS = NO;
				ENABLE_STRICT_OBJC_MSGSEND = YES;
				GCC_C_LANGUAGE_STANDARD = gnu99;
				GCC_WARN_64_TO_32_BIT_CONVERSION = YES;
				GCC_WARN_ABOUT_RETURN_TYPE = YES_ERROR;
				GCC_WARN_UNDECLARED_SELECTOR = YES;
				GCC_WARN_UNINITIALIZED_AUTOS = YES_AGGRESSIVE;
				GCC_WARN_UNUSED_FUNCTION = YES;
				GCC_WARN_UNUSED_VARIABLE = YES;
				MACOSX_DEPLOYMENT_TARGET = 10.10;
				MTL_ENABLE_DEBUG_INFO = NO;
				SDKROOT = macosx;
				VERSIONING_SYSTEM = "apple-generic";
				VERSION_INFO_PREFIX = "";
			};
			name = Release;
		};
		C5062DC61A68C2F200F65B86 /* Debug */ = {
			isa = XCBuildConfiguration;
			baseConfigurationReference = 64191CB9CC86244AE99ACA0B /* Pods.debug.xcconfig */;
			buildSettings = {
				COMBINE_HIDPI_IMAGES = YES;
				DEFINES_MODULE = YES;
				DYLIB_COMPATIBILITY_VERSION = 1;
				DYLIB_CURRENT_VERSION = 1;
				DYLIB_INSTALL_NAME_BASE = "@rpath";
				FRAMEWORK_VERSION = A;
				INFOPLIST_FILE = Funky/Info.plist;
				INSTALL_PATH = "$(LOCAL_LIBRARY_DIR)/Frameworks";
				LD_RUNPATH_SEARCH_PATHS = "$(inherited) @executable_path/../Frameworks @loader_path/Frameworks";
				PRODUCT_NAME = "$(TARGET_NAME)";
				SKIP_INSTALL = YES;
			};
			name = Debug;
		};
		C5062DC71A68C2F200F65B86 /* Release */ = {
			isa = XCBuildConfiguration;
			baseConfigurationReference = 070C60D7D27C7A17D6F405EE /* Pods.release.xcconfig */;
			buildSettings = {
				COMBINE_HIDPI_IMAGES = YES;
				DEFINES_MODULE = YES;
				DYLIB_COMPATIBILITY_VERSION = 1;
				DYLIB_CURRENT_VERSION = 1;
				DYLIB_INSTALL_NAME_BASE = "@rpath";
				FRAMEWORK_VERSION = A;
				INFOPLIST_FILE = Funky/Info.plist;
				INSTALL_PATH = "$(LOCAL_LIBRARY_DIR)/Frameworks";
				LD_RUNPATH_SEARCH_PATHS = "$(inherited) @executable_path/../Frameworks @loader_path/Frameworks";
				PRODUCT_NAME = "$(TARGET_NAME)";
				SKIP_INSTALL = YES;
			};
			name = Release;
		};
		C5062DC91A68C2F200F65B86 /* Debug */ = {
			isa = XCBuildConfiguration;
			baseConfigurationReference = 5E11F13B871552B93CBAE628 /* Pods-FunkyTests.debug.xcconfig */;
			buildSettings = {
				COMBINE_HIDPI_IMAGES = YES;
				FRAMEWORK_SEARCH_PATHS = (
					"$(DEVELOPER_FRAMEWORKS_DIR)",
					"$(inherited)",
				);
				GCC_PREPROCESSOR_DEFINITIONS = (
					"DEBUG=1",
					"$(inherited)",
				);
				INFOPLIST_FILE = FunkyTests/Info.plist;
				LD_RUNPATH_SEARCH_PATHS = "$(inherited) @executable_path/../Frameworks @loader_path/../Frameworks";
				PRODUCT_NAME = "$(TARGET_NAME)";
			};
			name = Debug;
		};
		C5062DCA1A68C2F200F65B86 /* Release */ = {
			isa = XCBuildConfiguration;
			baseConfigurationReference = FFA347E7F7BE595D46D0FDF1 /* Pods-FunkyTests.release.xcconfig */;
			buildSettings = {
				COMBINE_HIDPI_IMAGES = YES;
				FRAMEWORK_SEARCH_PATHS = (
					"$(DEVELOPER_FRAMEWORKS_DIR)",
					"$(inherited)",
				);
				INFOPLIST_FILE = FunkyTests/Info.plist;
				LD_RUNPATH_SEARCH_PATHS = "$(inherited) @executable_path/../Frameworks @loader_path/../Frameworks";
				PRODUCT_NAME = "$(TARGET_NAME)";
			};
			name = Release;
		};
/* End XCBuildConfiguration section */

/* Begin XCConfigurationList section */
		C5062DA91A68C2F200F65B86 /* Build configuration list for PBXProject "Funky" */ = {
			isa = XCConfigurationList;
			buildConfigurations = (
				C5062DC31A68C2F200F65B86 /* Debug */,
				C5062DC41A68C2F200F65B86 /* Release */,
			);
			defaultConfigurationIsVisible = 0;
			defaultConfigurationName = Release;
		};
		C5062DC51A68C2F200F65B86 /* Build configuration list for PBXNativeTarget "Funky" */ = {
			isa = XCConfigurationList;
			buildConfigurations = (
				C5062DC61A68C2F200F65B86 /* Debug */,
				C5062DC71A68C2F200F65B86 /* Release */,
			);
			defaultConfigurationIsVisible = 0;
			defaultConfigurationName = Release;
		};
		C5062DC81A68C2F200F65B86 /* Build configuration list for PBXNativeTarget "FunkyTests" */ = {
			isa = XCConfigurationList;
			buildConfigurations = (
				C5062DC91A68C2F200F65B86 /* Debug */,
				C5062DCA1A68C2F200F65B86 /* Release */,
			);
			defaultConfigurationIsVisible = 0;
			defaultConfigurationName = Release;
		};
/* End XCConfigurationList section */
	};
	rootObject = C5062DA61A68C2F200F65B86 /* Project object */;
}
